
Microsoft Visual Studio Solution File, Format Version 12.00
Project("{FAE04EC0-301F-11D3-BF4B-00C04F79EFBC}") = "Question1", "Question1\Question1.csproj", "{FEC9BD9F-6885-4C27-BF1A-6069B8C622DA}"
EndProject
Global
	GlobalSection(SolutionConfigurationPlatforms) = preSolution
		Debug|Any CPU = Debug|Any CPU
		Release|Any CPU = Release|Any CPU
	EndGlobalSection
	GlobalSection(ProjectConfigurationPlatforms) = postSolution
		{FEC9BD9F-6885-4C27-BF1A-6069B8C622DA}.Debug|Any CPU.ActiveCfg = Debug|Any CPU
		{FEC9BD9F-6885-4C27-BF1A-6069B8C622DA}.Debug|Any CPU.Build.0 = Debug|Any CPU
		{FEC9BD9F-6885-4C27-BF1A-6069B8C622DA}.Release|Any CPU.ActiveCfg = Release|Any CPU
		{FEC9BD9F-6885-4C27-BF1A-6069B8C622DA}.Release|Any CPU.Build.0 = Release|Any CPU
	EndGlobalSection
EndGlobal
