
Microsoft Visual Studio Solution File, Format Version 12.00
Project("{FAE04EC0-301F-11D3-BF4B-00C04F79EFBC}") = "Question3", "Question3\Question3.csproj", "{CF18D03F-047E-4FED-A733-2A02D6AC1D1D}"
EndProject
Global
	GlobalSection(SolutionConfigurationPlatforms) = preSolution
		Debug|Any CPU = Debug|Any CPU
		Release|Any CPU = Release|Any CPU
	EndGlobalSection
	GlobalSection(ProjectConfigurationPlatforms) = postSolution
		{CF18D03F-047E-4FED-A733-2A02D6AC1D1D}.Debug|Any CPU.ActiveCfg = Debug|Any CPU
		{CF18D03F-047E-4FED-A733-2A02D6AC1D1D}.Debug|Any CPU.Build.0 = Debug|Any CPU
		{CF18D03F-047E-4FED-A733-2A02D6AC1D1D}.Release|Any CPU.ActiveCfg = Release|Any CPU
		{CF18D03F-047E-4FED-A733-2A02D6AC1D1D}.Release|Any CPU.Build.0 = Release|Any CPU
	EndGlobalSection
EndGlobal
